
Microsoft Visual Studio Solution File, Format Version 12.00
# Visual Studio Version 17
VisualStudioVersion = 17.14.36109.1 d17.14
MinimumVisualStudioVersion = 10.0.40219.1
Project("{FAE04EC0-301F-11D3-BF4B-00C04F79EFBC}") = "CsvMapper", "CsvMapper.csproj", "{F82799A3-6E38-6E69-23A0-56F9D2B561F1}"
EndProject
Global
	GlobalSection(SolutionConfigurationPlatforms) = preSolution
		Debug|Any CPU = Debug|Any CPU
		Release|Any CPU = Release|Any CPU
	EndGlobalSection
	GlobalSection(ProjectConfigurationPlatforms) = postSolution
		{F82799A3-6E38-6E69-23A0-56F9D2B561F1}.Debug|Any CPU.ActiveCfg = Debug|Any CPU
		{F82799A3-6E38-6E69-23A0-56F9D2B561F1}.Debug|Any CPU.Build.0 = Debug|Any CPU
		{F82799A3-6E38-6E69-23A0-56F9D2B561F1}.Release|Any CPU.ActiveCfg = Release|Any CPU
		{F82799A3-6E38-6E69-23A0-56F9D2B561F1}.Release|Any CPU.Build.0 = Release|Any CPU
	EndGlobalSection
	GlobalSection(SolutionProperties) = preSolution
		HideSolutionNode = FALSE
	EndGlobalSection
	GlobalSection(ExtensibilityGlobals) = postSolution
		SolutionGuid = {B82C8924-D038-41E1-82ED-91F1CA80BFA0}
	EndGlobalSection
EndGlobal
